
Microsoft Visual Studio Solution File, Format Version 12.00
# Visual Studio Version 17
VisualStudioVersion = 17.3.32901.215
MinimumVisualStudioVersion = 10.0.40219.1
Project("{FAE04EC0-301F-11D3-BF4B-00C04F79EFBC}") = "Juan Fernando Mérida 1184322", "Juan Fernando Mérida 1184322\Juan Fernando Mérida 1184322.csproj", "{D185E938-EDE1-400F-AE58-0849D1558952}"
EndProject
Global
	GlobalSection(SolutionConfigurationPlatforms) = preSolution
		Debug|Any CPU = Debug|Any CPU
		Release|Any CPU = Release|Any CPU
	EndGlobalSection
	GlobalSection(ProjectConfigurationPlatforms) = postSolution
		{D185E938-EDE1-400F-AE58-0849D1558952}.Debug|Any CPU.ActiveCfg = Debug|Any CPU
		{D185E938-EDE1-400F-AE58-0849D1558952}.Debug|Any CPU.Build.0 = Debug|Any CPU
		{D185E938-EDE1-400F-AE58-0849D1558952}.Release|Any CPU.ActiveCfg = Release|Any CPU
		{D185E938-EDE1-400F-AE58-0849D1558952}.Release|Any CPU.Build.0 = Release|Any CPU
	EndGlobalSection
	GlobalSection(SolutionProperties) = preSolution
		HideSolutionNode = FALSE
	EndGlobalSection
	GlobalSection(ExtensibilityGlobals) = postSolution
		SolutionGuid = {08BA8446-1DD8-4E38-83F8-0444AACE08D1}
	EndGlobalSection
EndGlobal
